PODS:
  - Alamofire (4.9.1)
  - BigInt (4.0.0)
  - BlockIDSDK (0.1.0):
    - Alamofire (~> 4.9.1)
    - BigInt (~> 4.0)
    - CryptoSwift (~> 1.3.0)
    - OpenSSL-Universal (~> 1.1.180)
    - SwiftyTesseract (~> 3.1.3)
    - TrustWalletCore (~> 2.5.6)
  - CryptoSwift (1.3.8)
  - OpenSSL-Universal (1.1.1500)
  - SwiftProtobuf (1.19.0)
  - SwiftyTesseract (3.1.3)
  - Toast-Swift (5.0.1)
  - TrustWalletCore (2.5.6):
    - TrustWalletCore/Core (= 2.5.6)
  - TrustWalletCore/Core (2.5.6):
    - TrustWalletCore/Types
  - TrustWalletCore/Types (2.5.6):
    - SwiftProtobuf

DEPENDENCIES:
  - BlockIDSDK (from `../ios-kernel-sdk/`)
  - Toast-Swift (~> 5.0.1)

SPEC REPOS:
  trunk:
    - Alamofire
    - BigInt
    - CryptoSwift
    - OpenSSL-Universal
    - SwiftProtobuf
    - SwiftyTesseract
    - Toast-Swift
    - TrustWalletCore

EXTERNAL SOURCES:
  BlockIDSDK:
    :path: "../ios-kernel-sdk/"

SPEC CHECKSUMS:
  Alamofire: 85e8a02c69d6020a0d734f6054870d7ecb75cf18
  BigInt: 2aad1a9942dc932ec8b84290d2c564a3d76f97ab
  BlockIDSDK: bcaca7c787c9b37708d4fe03dedab4925e04e964
  CryptoSwift: 01b0f0cba1d5c212e5a335ff6c054fb75a204f00
  OpenSSL-Universal: 5d1de8d199ea9684d7ee48a8caa38d5dbfee1981
  SwiftProtobuf: 6ef3f0e422ef90d6605ca20b21a94f6c1324d6b3
  SwiftyTesseract: 1f3d96668ae92dc2208d9842c8a59bea9fad2cbb
  Toast-Swift: 9b6a70f28b3bf0b96c40d46c0c4b9d6639846711
  TrustWalletCore: 77ed44e6965e5121245d7fafc58c56a03bf13490

PODFILE CHECKSUM: 23cd98b4a55398c44a3a1372c4cd1d979777082a

COCOAPODS: 1.10.1
