PODS:
  - Alamofire (4.9.1)
  - BigInt (4.0.0)
  - BlockID (1.20.20):
    - Alamofire (~> 4.9.1)
    - BigInt (~> 4.0)
    - CryptoSwift (~> 1.6.0)
    - OpenSSL-Universal (~> 1.1.2300)
    - TrustWalletCore (~> 2.5.6)
    - YubiKit (~> 4.2.0)
  - CryptoSwift (1.6.0)
  - EllipticCurveKeyPair (2.0.2)
  - Firebase/Analytics (8.12.1):
    - Firebase/Core
  - Firebase/Core (8.12.1):
    - Firebase/CoreOnly
    - FirebaseAnalytics (~> 8.12.0)
  - Firebase/CoreOnly (8.12.1):
    - FirebaseCore (= 8.12.1)
  - Firebase/Crashlytics (8.12.1):
    - Firebase/CoreOnly
    - FirebaseCrashlytics (~> 8.12.0)
  - FirebaseAnalytics (8.12.0):
    - FirebaseAnalytics/AdIdSupport (= 8.12.0)
    - FirebaseCore (~> 8.0)
    - FirebaseInstallations (~> 8.0)
    - GoogleUtilities/AppDelegateSwizzler (~> 7.7)
    - GoogleUtilities/MethodSwizzler (~> 7.7)
    - GoogleUtilities/Network (~> 7.7)
    - "GoogleUtilities/NSData+zlib (~> 7.7)"
    - nanopb (~> 2.30908.0)
  - FirebaseAnalytics/AdIdSupport (8.12.0):
    - FirebaseCore (~> 8.0)
    - FirebaseInstallations (~> 8.0)
    - GoogleAppMeasurement (= 8.12.0)
    - GoogleUtilities/AppDelegateSwizzler (~> 7.7)
    - GoogleUtilities/MethodSwizzler (~> 7.7)
    - GoogleUtilities/Network (~> 7.7)
    - "GoogleUtilities/NSData+zlib (~> 7.7)"
    - nanopb (~> 2.30908.0)
  - FirebaseCore (8.12.1):
    - FirebaseCoreDiagnostics (~> 8.0)
    - GoogleUtilities/Environment (~> 7.7)
    - GoogleUtilities/Logger (~> 7.7)
  - FirebaseCoreDiagnostics (8.15.0):
    - GoogleDataTransport (~> 9.1)
    - GoogleUtilities/Environment (~> 7.7)
    - GoogleUtilities/Logger (~> 7.7)
    - nanopb (~> 2.30908.0)
  - FirebaseCrashlytics (8.12.0):
    - FirebaseCore (~> 8.0)
    - FirebaseInstallations (~> 8.0)
    - GoogleDataTransport (~> 9.1)
    - GoogleUtilities/Environment (~> 7.7)
    - nanopb (~> 2.30908.0)
    - PromisesObjC (< 3.0, >= 1.2)
  - FirebaseInstallations (8.15.0):
    - FirebaseCore (~> 8.0)
    - GoogleUtilities/Environment (~> 7.7)
    - GoogleUtilities/UserDefaults (~> 7.7)
    - PromisesObjC (< 3.0, >= 1.2)
  - GoogleAppMeasurement (8.12.0):
    - GoogleAppMeasurement/AdIdSupport (= 8.12.0)
    - GoogleUtilities/AppDelegateSwizzler (~> 7.7)
    - GoogleUtilities/MethodSwizzler (~> 7.7)
    - GoogleUtilities/Network (~> 7.7)
    - "GoogleUtilities/NSData+zlib (~> 7.7)"
    - nanopb (~> 2.30908.0)
  - GoogleAppMeasurement/AdIdSupport (8.12.0):
    - GoogleAppMeasurement/WithoutAdIdSupport (= 8.12.0)
    - GoogleUtilities/AppDelegateSwizzler (~> 7.7)
    - GoogleUtilities/MethodSwizzler (~> 7.7)
    - GoogleUtilities/Network (~> 7.7)
    - "GoogleUtilities/NSData+zlib (~> 7.7)"
    - nanopb (~> 2.30908.0)
  - GoogleAppMeasurement/WithoutAdIdSupport (8.12.0):
    - GoogleUtilities/AppDelegateSwizzler (~> 7.7)
    - GoogleUtilities/MethodSwizzler (~> 7.7)
    - GoogleUtilities/Network (~> 7.7)
    - "GoogleUtilities/NSData+zlib (~> 7.7)"
    - nanopb (~> 2.30908.0)
  - GoogleDataTransport (9.3.0):
    - GoogleUtilities/Environment (~> 7.7)
    - nanopb (< 2.30910.0, >= 2.30908.0)
    - PromisesObjC (< 3.0, >= 1.2)
  - GoogleUtilities/AppDelegateSwizzler (7.12.0):
    - GoogleUtilities/Environment
    - GoogleUtilities/Logger
    - GoogleUtilities/Network
  - GoogleUtilities/Environment (7.12.0):
    - PromisesObjC (< 3.0, >= 1.2)
  - GoogleUtilities/Logger (7.12.0):
    - GoogleUtilities/Environment
  - GoogleUtilities/MethodSwizzler (7.12.0):
    - GoogleUtilities/Logger
  - GoogleUtilities/Network (7.12.0):
    - GoogleUtilities/Logger
    - "GoogleUtilities/NSData+zlib"
    - GoogleUtilities/Reachability
  - "GoogleUtilities/NSData+zlib (7.12.0)"
  - GoogleUtilities/Reachability (7.12.0):
    - GoogleUtilities/Logger
  - GoogleUtilities/UserDefaults (7.12.0):
    - GoogleUtilities/Logger
  - KeychainAccess (4.2.2)
  - nanopb (2.30908.0):
    - nanopb/decode (= 2.30908.0)
    - nanopb/encode (= 2.30908.0)
  - nanopb/decode (2.30908.0)
  - nanopb/encode (2.30908.0)
  - OpenSSL-Universal (1.1.2301)
  - PromiseKit (6.13.1):
    - PromiseKit/CorePromise (= 6.13.1)
    - PromiseKit/Foundation (= 6.13.1)
    - PromiseKit/UIKit (= 6.13.1)
  - PromiseKit/CorePromise (6.13.1)
  - PromiseKit/Foundation (6.13.1):
    - PromiseKit/CorePromise
  - PromiseKit/UIKit (6.13.1):
    - PromiseKit/CorePromise
  - PromisesObjC (2.3.1)
  - secp256k1.swift (0.1.4)
  - SwiftProtobuf (1.29.0)
  - Toast-Swift (5.0.1)
  - TrustWalletCore (2.5.10):
    - TrustWalletCore/Core (= 2.5.10)
  - TrustWalletCore/Core (2.5.10):
    - TrustWalletCore/Types
  - TrustWalletCore/Types (2.5.10):
    - SwiftProtobuf
  - Web3 (0.4.2):
    - Web3/Core (= 0.4.2)
    - Web3/HTTPExtension (= 0.4.2)
  - Web3/Core (0.4.2):
    - BigInt (~> 4.0)
    - CryptoSwift (~> 1.0)
    - secp256k1.swift (~> 0.1)
  - Web3/HTTPExtension (0.4.2):
    - Web3/Core
  - WebAuthnKit (2.0.4):
    - CryptoSwift (~> 1.6.0)
    - EllipticCurveKeyPair (~> 2.0.2)
    - KeychainAccess (~> 4.2.1)
    - PromiseKit (~> 6.13.1)
  - YubiKit (4.2.0)

DEPENDENCIES:
  - BlockID (from `https://github.com/1KBlockID/ios-blockidsdk.git`, tag `1.20.20`)
  - EllipticCurveKeyPair (from `https://github.com/1KBlockID/EllipticCurveKeyPair.git`, tag `2.0.2`)
  - Firebase/Analytics (~> 8.12.0)
  - Firebase/Crashlytics (~> 8.12.0)
  - Toast-Swift (~> 5.0.1)
  - Web3 (from `https://github.com/Boilertalk/Web3.swift.git`, tag `0.4.2`)
  - WebAuthnKit (from `https://github.com/1KBlockID/WebAuthnKit-iOS.git`, tag `2.0.4`)

SPEC REPOS:
  trunk:
    - Alamofire
    - BigInt
    - CryptoSwift
    - Firebase
    - FirebaseAnalytics
    - FirebaseCore
    - FirebaseCoreDiagnostics
    - FirebaseCrashlytics
    - FirebaseInstallations
    - GoogleAppMeasurement
    - GoogleDataTransport
    - GoogleUtilities
    - KeychainAccess
    - nanopb
    - OpenSSL-Universal
    - PromiseKit
    - PromisesObjC
    - secp256k1.swift
    - SwiftProtobuf
    - Toast-Swift
    - TrustWalletCore
    - YubiKit

EXTERNAL SOURCES:
  BlockID:
    :git: https://github.com/1KBlockID/ios-blockidsdk.git
    :tag: 1.20.20
  EllipticCurveKeyPair:
    :git: https://github.com/1KBlockID/EllipticCurveKeyPair.git
    :tag: 2.0.2
  Web3:
    :git: https://github.com/Boilertalk/Web3.swift.git
    :tag: 0.4.2
  WebAuthnKit:
    :git: https://github.com/1KBlockID/WebAuthnKit-iOS.git
    :tag: 2.0.4

CHECKOUT OPTIONS:
  BlockID:
    :git: https://github.com/1KBlockID/ios-blockidsdk.git
    :tag: 1.20.20
  EllipticCurveKeyPair:
    :git: https://github.com/1KBlockID/EllipticCurveKeyPair.git
    :tag: 2.0.2
  Web3:
    :git: https://github.com/Boilertalk/Web3.swift.git
    :tag: 0.4.2
  WebAuthnKit:
    :git: https://github.com/1KBlockID/WebAuthnKit-iOS.git
    :tag: 2.0.4

SPEC CHECKSUMS:
  Alamofire: 85e8a02c69d6020a0d734f6054870d7ecb75cf18
  BigInt: 2aad1a9942dc932ec8b84290d2c564a3d76f97ab
  BlockID: b00f322a888eaf22f478ae286dabbb9203cceada
  CryptoSwift: 562f8eceb40e80796fffc668b0cad9313284cfa6
  EllipticCurveKeyPair: 0b618482247e48744b9a0709ef4bb0713c39f957
  Firebase: 580d09e8edafc3073ebf09c03fd42e4d80d35fe9
  FirebaseAnalytics: bd10d7706ba8d6e01ea2816f8fe9e9b881cb0918
  FirebaseCore: 8138de860a90ca7eec5e324da5788fb0ebf1d93c
  FirebaseCoreDiagnostics: 92e07a649aeb66352b319d43bdd2ee3942af84cb
  FirebaseCrashlytics: 7952ffd988006128325510664b99dc8ca5851dff
  FirebaseInstallations: 40bd9054049b2eae9a2c38ef1c3dd213df3605cd
  GoogleAppMeasurement: ae033c3aad67e68294369373056b4d74cc8ae0d6
  GoogleDataTransport: 57c22343ab29bc686febbf7cbb13bad167c2d8fe
  GoogleUtilities: 0759d1a57ebb953965c2dfe0ba4c82e95ccc2e34
  KeychainAccess: c0c4f7f38f6fc7bbe58f5702e25f7bd2f65abf51
  nanopb: a0ba3315591a9ae0a16a309ee504766e90db0c96
  OpenSSL-Universal: ca89c20240633a77c776082ba76b7d90f992bf77
  PromiseKit: 28fda91c973cc377875d8c0ea4f973013c05b6db
  PromisesObjC: c50d2056b5253dadbd6c2bea79b0674bd5a52fa4
  secp256k1.swift: a7e7a214f6db6ce5db32cc6b2b45e5c4dd633634
  SwiftProtobuf: b7aa08087e2ab6d162862d143020091254095f69
  Toast-Swift: 9b6a70f28b3bf0b96c40d46c0c4b9d6639846711
  TrustWalletCore: 221e7c95e4e3263c807cbbfda9a5613b6a975214
  Web3: 7b2c30f98f24cc290bc671ab525d7a30a2afbc73
  WebAuthnKit: d84fc07aa8f07707085ffee8baa41b11d69403ca
  YubiKit: bde189dbaddc29e41dbda9e2c55ec5a79d38c654

PODFILE CHECKSUM: 0743d8b378ab9bce5c5211fb5ae26a5180124830

COCOAPODS: 1.15.2
